
Microsoft Visual Studio Solution File, Format Version 12.00
# Visual Studio Version 17
VisualStudioVersion = 17.14.36603.0 d17.14
MinimumVisualStudioVersion = 10.0.40219.1
Project("{FAE04EC0-301F-11D3-BF4B-00C04F79EFBC}") = "Project3", "Project3.csproj", "{79E63DEC-EA6F-457B-965E-701E70DB3EC4}"
EndProject
Global
	GlobalSection(SolutionConfigurationPlatforms) = preSolution
		Debug|Any CPU = Debug|Any CPU
		Release|Any CPU = Release|Any CPU
	EndGlobalSection
	GlobalSection(ProjectConfigurationPlatforms) = postSolution
		{79E63DEC-EA6F-457B-965E-701E70DB3EC4}.Debug|Any CPU.ActiveCfg = Debug|Any CPU
		{79E63DEC-EA6F-457B-965E-701E70DB3EC4}.Debug|Any CPU.Build.0 = Debug|Any CPU
		{79E63DEC-EA6F-457B-965E-701E70DB3EC4}.Release|Any CPU.ActiveCfg = Release|Any CPU
		{79E63DEC-EA6F-457B-965E-701E70DB3EC4}.Release|Any CPU.Build.0 = Release|Any CPU
	EndGlobalSection
	GlobalSection(SolutionProperties) = preSolution
		HideSolutionNode = FALSE
	EndGlobalSection
	GlobalSection(ExtensibilityGlobals) = postSolution
		SolutionGuid = {8B809FBE-E085-45EA-BF02-2AA18D87D244}
	EndGlobalSection
EndGlobal
